
Microsoft Visual Studio Solution File, Format Version 12.00
# Visual Studio Version 17
VisualStudioVersion = 17.14.36121.58 d17.14
MinimumVisualStudioVersion = 10.0.40219.1
Project("{FAE04EC0-301F-11D3-BF4B-00C04F79EFBC}") = "DocFxChapterNumbers", "DocFxChapterNumbers\DocFxChapterNumbers.csproj", "{0E30BFDF-FDB4-4CEA-9961-44DD60B8E0C0}"
EndProject
Project("{FAE04EC0-301F-11D3-BF4B-00C04F79EFBC}") = "DocFxChapterNumbersYamlToc", "DocFxChapterNumbersYamlToc\DocFxChapterNumbersYamlToc.csproj", "{C5B35269-6839-484E-809A-FD681E310CBE}"
EndProject
Project("{FAE04EC0-301F-11D3-BF4B-00C04F79EFBC}") = "DocfxChapterPlugin", "DocfxChapterPlugin\DocfxChapterPlugin.csproj", "{62F5E224-0645-4739-9B11-01E59DA0B55A}"
EndProject
Global
	GlobalSection(SolutionConfigurationPlatforms) = preSolution
		Debug|Any CPU = Debug|Any CPU
		Release|Any CPU = Release|Any CPU
	EndGlobalSection
	GlobalSection(ProjectConfigurationPlatforms) = postSolution
		{0E30BFDF-FDB4-4CEA-9961-44DD60B8E0C0}.Debug|Any CPU.ActiveCfg = Debug|Any CPU
		{0E30BFDF-FDB4-4CEA-9961-44DD60B8E0C0}.Debug|Any CPU.Build.0 = Debug|Any CPU
		{0E30BFDF-FDB4-4CEA-9961-44DD60B8E0C0}.Release|Any CPU.ActiveCfg = Release|Any CPU
		{0E30BFDF-FDB4-4CEA-9961-44DD60B8E0C0}.Release|Any CPU.Build.0 = Release|Any CPU
		{C5B35269-6839-484E-809A-FD681E310CBE}.Debug|Any CPU.ActiveCfg = Debug|Any CPU
		{C5B35269-6839-484E-809A-FD681E310CBE}.Debug|Any CPU.Build.0 = Debug|Any CPU
		{C5B35269-6839-484E-809A-FD681E310CBE}.Release|Any CPU.ActiveCfg = Release|Any CPU
		{C5B35269-6839-484E-809A-FD681E310CBE}.Release|Any CPU.Build.0 = Release|Any CPU
		{62F5E224-0645-4739-9B11-01E59DA0B55A}.Debug|Any CPU.ActiveCfg = Debug|Any CPU
		{62F5E224-0645-4739-9B11-01E59DA0B55A}.Debug|Any CPU.Build.0 = Debug|Any CPU
		{62F5E224-0645-4739-9B11-01E59DA0B55A}.Release|Any CPU.ActiveCfg = Release|Any CPU
		{62F5E224-0645-4739-9B11-01E59DA0B55A}.Release|Any CPU.Build.0 = Release|Any CPU
	EndGlobalSection
	GlobalSection(SolutionProperties) = preSolution
		HideSolutionNode = FALSE
	EndGlobalSection
	GlobalSection(ExtensibilityGlobals) = postSolution
		SolutionGuid = {E3B51679-D524-48C2-8871-A91CDB576C62}
	EndGlobalSection
EndGlobal
